
Microsoft Visual Studio Solution File, Format Version 12.00
# Visual Studio Version 16
VisualStudioVersion = 16.0.33927.289
MinimumVisualStudioVersion = 10.0.40219.1
Project("{2150E333-8FDC-42A3-9474-1A3956D46DE8}") = "Task0", "Task0", "{B5C32C21-7CF6-4129-8D7F-EEE3BFD036E4}"
EndProject
Project("{FAE04EC0-301F-11D3-BF4B-00C04F79EFBC}") = "Tyuiu.DmitrievLR.Sprint0.Task0.V0", "Tyuiu.DmitrievLR.Sprint0.Task0.V0\Tyuiu.DmitrievLR.Sprint0.Task0.V0.csproj", "{C2AF86C0-45B8-4B3C-931B-4C224E0EFA77}"
EndProject
Project("{2150E333-8FDC-42A3-9474-1A3956D46DE8}") = "Task1", "Task1", "{C5DBE35D-F5CD-48B2-81B0-5AC85B590438}"
EndProject
Project("{FAE04EC0-301F-11D3-BF4B-00C04F79EFBC}") = "Tyuiu.DmitrievLR.Sprint0.Task1.V0", "Tyuiu.DmitrievLR.Sprint0.Task1.V0\Tyuiu.DmitrievLR.Sprint0.Task1.V0.csproj", "{614DDD12-5B49-4831-BBF6-7975D9F07894}"
EndProject
Project("{2150E333-8FDC-42A3-9474-1A3956D46DE8}") = "Task2", "Task2", "{26EDBF8A-DF25-47B9-A0FA-22EDC5215FB0}"
EndProject
Project("{FAE04EC0-301F-11D3-BF4B-00C04F79EFBC}") = "Tyuiu.DmitrievLR.Sprint0.Task2.V0", "Tyuiu.DmitrievLR.Sprint0.Task2.V0\Tyuiu.DmitrievLR.Sprint0.Task2.V0.csproj", "{468DC475-6BAD-4106-B07E-646661D109E9}"
EndProject
Project("{FAE04EC0-301F-11D3-BF4B-00C04F79EFBC}") = "Tyuiu.DmitrievLR.Sprint0.Task2.V0.Test", "Tyuiu.DmitrievLR.Sprint0.Task2.V0.Test\Tyuiu.DmitrievLR.Sprint0.Task2.V0.Test.csproj", "{2B75F9A3-F57B-494B-AB25-9ADC2F69572D}"
EndProject
Project("{FAE04EC0-301F-11D3-BF4B-00C04F79EFBC}") = "Tyuiu.DmitrievLR.Sprint0.Task2.V0.Lib", "Tyuiu.DmitrievLR.Sprint0.Task2.V0.Lib\Tyuiu.DmitrievLR.Sprint0.Task2.V0.Lib.csproj", "{0171D100-46FD-49D9-8F98-F0716D8BB34B}"
EndProject
Project("{2150E333-8FDC-42A3-9474-1A3956D46DE8}") = "Task3", "Task3", "{6AE8049D-E7A0-4DA3-8FFB-2666A058BB8C}"
EndProject
Project("{FAE04EC0-301F-11D3-BF4B-00C04F79EFBC}") = "Tyuiu.DmitrievLR.Sprint0.Task3.V0", "Tyuiu.DmitrievLR.Sprint0.Task3.V0\Tyuiu.DmitrievLR.Sprint0.Task3.V0.csproj", "{9D92C598-56C6-4B2D-9F51-1F4BF66451E7}"
EndProject
Project("{FAE04EC0-301F-11D3-BF4B-00C04F79EFBC}") = "Tyuiu.DmitrievLR.Sprint0.Task3.V0.Test", "Tyuiu.DmitrievLR.Sprint0.Task3.V0.Test\Tyuiu.DmitrievLR.Sprint0.Task3.V0.Test.csproj", "{4E64C177-D423-4BB1-ACE2-617D4E62386F}"
EndProject
Project("{FAE04EC0-301F-11D3-BF4B-00C04F79EFBC}") = "Tyuiu.DmitrievLR.Sprint0.Task3.V0.Lib", "Tyuiu.DmitrievLR.Sprint0.Task3.V0.Lib\Tyuiu.DmitrievLR.Sprint0.Task3.V0.Lib.csproj", "{7416D478-62CF-4428-9798-855B63816E8B}"
EndProject
Project("{2150E333-8FDC-42A3-9474-1A3956D46DE8}") = "Task4", "Task4", "{7EAB2996-FC67-4CB9-85DB-067F22D4F2BF}"
EndProject
Project("{FAE04EC0-301F-11D3-BF4B-00C04F79EFBC}") = "Tyuiu.DmitrievLR.Sprint0.Task4.V0", "Tyuiu.DmitrievLR.Sprint0.Task4.V0\Tyuiu.DmitrievLR.Sprint0.Task4.V0.csproj", "{A591974C-47DB-476E-B610-F4668FD03959}"
EndProject
Project("{FAE04EC0-301F-11D3-BF4B-00C04F79EFBC}") = "Tyuiu.DmitrievLR.Sprint0.Task4.V0.Lib", "Tyuiu.DmitrievLR.Sprint0.Task4.V0.Lib\Tyuiu.DmitrievLR.Sprint0.Task4.V0.Lib.csproj", "{F27A342A-EC55-4DC3-81ED-49A318AA28AA}"
EndProject
Project("{FAE04EC0-301F-11D3-BF4B-00C04F79EFBC}") = "Tyuiu.DmitrievLR.Sprint0.Task4.V0.Test", "Tyuiu.DmitrievLR.Sprint0.Task4.V0.Test\Tyuiu.DmitrievLR.Sprint0.Task4.V0.Test.csproj", "{30A97283-F23F-4CD7-8B77-5A07B9F30930}"
EndProject
Project("{2150E333-8FDC-42A3-9474-1A3956D46DE8}") = "Task5", "Task5", "{B753F2C2-8FE6-41A3-BABA-ED0457ABF2EF}"
EndProject
Project("{FAE04EC0-301F-11D3-BF4B-00C04F79EFBC}") = "Tyuiu.DmitrievLR.Sprint0.Task5.V0", "Tyuiu.DmitrievLR.Sprint0.Task5.V0\Tyuiu.DmitrievLR.Sprint0.Task5.V0.csproj", "{33422F11-0EB4-4EB7-96DA-6DC58629DE21}"
EndProject
Project("{FAE04EC0-301F-11D3-BF4B-00C04F79EFBC}") = "Tyuiu.DmitrievLR.Sprint0.Task5.V0.Lib", "Tyuiu.DmitrievLR.Sprint0.Task5.V0.Lib\Tyuiu.DmitrievLR.Sprint0.Task5.V0.Lib.csproj", "{E3543F05-980C-47B0-B6AF-C19DDD1BF86D}"
EndProject
Project("{FAE04EC0-301F-11D3-BF4B-00C04F79EFBC}") = "Tyuiu.DmitrievLR.Sprint0.Task5.V0.Test", "Tyuiu.DmitrievLR.Sprint0.Task5.V0.Test\Tyuiu.DmitrievLR.Sprint0.Task5.V0.Test.csproj", "{51D40D5E-CD27-42C7-9C04-D5C0A6724B8D}"
EndProject
Project("{2150E333-8FDC-42A3-9474-1A3956D46DE8}") = "Task6", "Task6", "{A87237EF-F8CF-4EF4-B0DF-98E09F2B0758}"
EndProject
Project("{FAE04EC0-301F-11D3-BF4B-00C04F79EFBC}") = "Tyuiu.DmitrievLR.Sprint0.Task6.V0", "Tyuiu.DmitrievLR.Sprint0.Task6.V0\Tyuiu.DmitrievLR.Sprint0.Task6.V0.csproj", "{980FA0F8-BA61-4B76-907B-706FECB0A989}"
EndProject
Project("{FAE04EC0-301F-11D3-BF4B-00C04F79EFBC}") = "Tyuiu.DmitrievLR.Sprint0.Task6.V0.Lib", "Tyuiu.DmitrievLR.Sprint0.Task6.V0.Lib\Tyuiu.DmitrievLR.Sprint0.Task6.V0.Lib.csproj", "{D3734B9C-36FE-4281-B5BE-2E26FF836FED}"
EndProject
Project("{FAE04EC0-301F-11D3-BF4B-00C04F79EFBC}") = "Tyuiu.DmitrievLR.Sprint0.Task6.V0.Test", "Tyuiu.DmitrievLR.Sprint0.Task6.V0.Test\Tyuiu.DmitrievLR.Sprint0.Task6.V0.Test.csproj", "{80B1C355-C656-4ED0-B1DB-25329B532927}"
EndProject
Global
	GlobalSection(SolutionConfigurationPlatforms) = preSolution
		Debug|Any CPU = Debug|Any CPU
		Release|Any CPU = Release|Any CPU
	EndGlobalSection
	GlobalSection(ProjectConfigurationPlatforms) = postSolution
		{C2AF86C0-45B8-4B3C-931B-4C224E0EFA77}.Debug|Any CPU.ActiveCfg = Debug|Any CPU
		{C2AF86C0-45B8-4B3C-931B-4C224E0EFA77}.Debug|Any CPU.Build.0 = Debug|Any CPU
		{C2AF86C0-45B8-4B3C-931B-4C224E0EFA77}.Release|Any CPU.ActiveCfg = Release|Any CPU
		{C2AF86C0-45B8-4B3C-931B-4C224E0EFA77}.Release|Any CPU.Build.0 = Release|Any CPU
		{614DDD12-5B49-4831-BBF6-7975D9F07894}.Debug|Any CPU.ActiveCfg = Debug|Any CPU
		{614DDD12-5B49-4831-BBF6-7975D9F07894}.Debug|Any CPU.Build.0 = Debug|Any CPU
		{614DDD12-5B49-4831-BBF6-7975D9F07894}.Release|Any CPU.ActiveCfg = Release|Any CPU
		{614DDD12-5B49-4831-BBF6-7975D9F07894}.Release|Any CPU.Build.0 = Release|Any CPU
		{468DC475-6BAD-4106-B07E-646661D109E9}.Debug|Any CPU.ActiveCfg = Debug|Any CPU
		{468DC475-6BAD-4106-B07E-646661D109E9}.Debug|Any CPU.Build.0 = Debug|Any CPU
		{468DC475-6BAD-4106-B07E-646661D109E9}.Release|Any CPU.ActiveCfg = Release|Any CPU
		{468DC475-6BAD-4106-B07E-646661D109E9}.Release|Any CPU.Build.0 = Release|Any CPU
		{2B75F9A3-F57B-494B-AB25-9ADC2F69572D}.Debug|Any CPU.ActiveCfg = Debug|Any CPU
		{2B75F9A3-F57B-494B-AB25-9ADC2F69572D}.Debug|Any CPU.Build.0 = Debug|Any CPU
		{2B75F9A3-F57B-494B-AB25-9ADC2F69572D}.Release|Any CPU.ActiveCfg = Release|Any CPU
		{2B75F9A3-F57B-494B-AB25-9ADC2F69572D}.Release|Any CPU.Build.0 = Release|Any CPU
		{0171D100-46FD-49D9-8F98-F0716D8BB34B}.Debug|Any CPU.ActiveCfg = Debug|Any CPU
		{0171D100-46FD-49D9-8F98-F0716D8BB34B}.Debug|Any CPU.Build.0 = Debug|Any CPU
		{0171D100-46FD-49D9-8F98-F0716D8BB34B}.Release|Any CPU.ActiveCfg = Release|Any CPU
		{0171D100-46FD-49D9-8F98-F0716D8BB34B}.Release|Any CPU.Build.0 = Release|Any CPU
		{9D92C598-56C6-4B2D-9F51-1F4BF66451E7}.Debug|Any CPU.ActiveCfg = Debug|Any CPU
		{9D92C598-56C6-4B2D-9F51-1F4BF66451E7}.Debug|Any CPU.Build.0 = Debug|Any CPU
		{9D92C598-56C6-4B2D-9F51-1F4BF66451E7}.Release|Any CPU.ActiveCfg = Release|Any CPU
		{9D92C598-56C6-4B2D-9F51-1F4BF66451E7}.Release|Any CPU.Build.0 = Release|Any CPU
		{4E64C177-D423-4BB1-ACE2-617D4E62386F}.Debug|Any CPU.ActiveCfg = Debug|Any CPU
		{4E64C177-D423-4BB1-ACE2-617D4E62386F}.Debug|Any CPU.Build.0 = Debug|Any CPU
		{4E64C177-D423-4BB1-ACE2-617D4E62386F}.Release|Any CPU.ActiveCfg = Release|Any CPU
		{4E64C177-D423-4BB1-ACE2-617D4E62386F}.Release|Any CPU.Build.0 = Release|Any CPU
		{7416D478-62CF-4428-9798-855B63816E8B}.Debug|Any CPU.ActiveCfg = Debug|Any CPU
		{7416D478-62CF-4428-9798-855B63816E8B}.Debug|Any CPU.Build.0 = Debug|Any CPU
		{7416D478-62CF-4428-9798-855B63816E8B}.Release|Any CPU.ActiveCfg = Release|Any CPU
		{7416D478-62CF-4428-9798-855B63816E8B}.Release|Any CPU.Build.0 = Release|Any CPU
		{A591974C-47DB-476E-B610-F4668FD03959}.Debug|Any CPU.ActiveCfg = Debug|Any CPU
		{A591974C-47DB-476E-B610-F4668FD03959}.Debug|Any CPU.Build.0 = Debug|Any CPU
		{A591974C-47DB-476E-B610-F4668FD03959}.Release|Any CPU.ActiveCfg = Release|Any CPU
		{A591974C-47DB-476E-B610-F4668FD03959}.Release|Any CPU.Build.0 = Release|Any CPU
		{F27A342A-EC55-4DC3-81ED-49A318AA28AA}.Debug|Any CPU.ActiveCfg = Debug|Any CPU
		{F27A342A-EC55-4DC3-81ED-49A318AA28AA}.Debug|Any CPU.Build.0 = Debug|Any CPU
		{F27A342A-EC55-4DC3-81ED-49A318AA28AA}.Release|Any CPU.ActiveCfg = Release|Any CPU
		{F27A342A-EC55-4DC3-81ED-49A318AA28AA}.Release|Any CPU.Build.0 = Release|Any CPU
		{30A97283-F23F-4CD7-8B77-5A07B9F30930}.Debug|Any CPU.ActiveCfg = Debug|Any CPU
		{30A97283-F23F-4CD7-8B77-5A07B9F30930}.Debug|Any CPU.Build.0 = Debug|Any CPU
		{30A97283-F23F-4CD7-8B77-5A07B9F30930}.Release|Any CPU.ActiveCfg = Release|Any CPU
		{30A97283-F23F-4CD7-8B77-5A07B9F30930}.Release|Any CPU.Build.0 = Release|Any CPU
		{33422F11-0EB4-4EB7-96DA-6DC58629DE21}.Debug|Any CPU.ActiveCfg = Debug|Any CPU
		{33422F11-0EB4-4EB7-96DA-6DC58629DE21}.Debug|Any CPU.Build.0 = Debug|Any CPU
		{33422F11-0EB4-4EB7-96DA-6DC58629DE21}.Release|Any CPU.ActiveCfg = Release|Any CPU
		{33422F11-0EB4-4EB7-96DA-6DC58629DE21}.Release|Any CPU.Build.0 = Release|Any CPU
		{E3543F05-980C-47B0-B6AF-C19DDD1BF86D}.Debug|Any CPU.ActiveCfg = Debug|Any CPU
		{E3543F05-980C-47B0-B6AF-C19DDD1BF86D}.Debug|Any CPU.Build.0 = Debug|Any CPU
		{E3543F05-980C-47B0-B6AF-C19DDD1BF86D}.Release|Any CPU.ActiveCfg = Release|Any CPU
		{E3543F05-980C-47B0-B6AF-C19DDD1BF86D}.Release|Any CPU.Build.0 = Release|Any CPU
		{51D40D5E-CD27-42C7-9C04-D5C0A6724B8D}.Debug|Any CPU.ActiveCfg = Debug|Any CPU
		{51D40D5E-CD27-42C7-9C04-D5C0A6724B8D}.Debug|Any CPU.Build.0 = Debug|Any CPU
		{51D40D5E-CD27-42C7-9C04-D5C0A6724B8D}.Release|Any CPU.ActiveCfg = Release|Any CPU
		{51D40D5E-CD27-42C7-9C04-D5C0A6724B8D}.Release|Any CPU.Build.0 = Release|Any CPU
		{980FA0F8-BA61-4B76-907B-706FECB0A989}.Debug|Any CPU.ActiveCfg = Debug|Any CPU
		{980FA0F8-BA61-4B76-907B-706FECB0A989}.Debug|Any CPU.Build.0 = Debug|Any CPU
		{980FA0F8-BA61-4B76-907B-706FECB0A989}.Release|Any CPU.ActiveCfg = Release|Any CPU
		{980FA0F8-BA61-4B76-907B-706FECB0A989}.Release|Any CPU.Build.0 = Release|Any CPU
		{D3734B9C-36FE-4281-B5BE-2E26FF836FED}.Debug|Any CPU.ActiveCfg = Debug|Any CPU
		{D3734B9C-36FE-4281-B5BE-2E26FF836FED}.Debug|Any CPU.Build.0 = Debug|Any CPU
		{D3734B9C-36FE-4281-B5BE-2E26FF836FED}.Release|Any CPU.ActiveCfg = Release|Any CPU
		{D3734B9C-36FE-4281-B5BE-2E26FF836FED}.Release|Any CPU.Build.0 = Release|Any CPU
		{80B1C355-C656-4ED0-B1DB-25329B532927}.Debug|Any CPU.ActiveCfg = Debug|Any CPU
		{80B1C355-C656-4ED0-B1DB-25329B532927}.Debug|Any CPU.Build.0 = Debug|Any CPU
		{80B1C355-C656-4ED0-B1DB-25329B532927}.Release|Any CPU.ActiveCfg = Release|Any CPU
		{80B1C355-C656-4ED0-B1DB-25329B532927}.Release|Any CPU.Build.0 = Release|Any CPU
	EndGlobalSection
	GlobalSection(SolutionProperties) = preSolution
		HideSolutionNode = FALSE
	EndGlobalSection
	GlobalSection(NestedProjects) = preSolution
		{C2AF86C0-45B8-4B3C-931B-4C224E0EFA77} = {B5C32C21-7CF6-4129-8D7F-EEE3BFD036E4}
		{614DDD12-5B49-4831-BBF6-7975D9F07894} = {C5DBE35D-F5CD-48B2-81B0-5AC85B590438}
		{468DC475-6BAD-4106-B07E-646661D109E9} = {26EDBF8A-DF25-47B9-A0FA-22EDC5215FB0}
		{2B75F9A3-F57B-494B-AB25-9ADC2F69572D} = {26EDBF8A-DF25-47B9-A0FA-22EDC5215FB0}
		{0171D100-46FD-49D9-8F98-F0716D8BB34B} = {26EDBF8A-DF25-47B9-A0FA-22EDC5215FB0}
		{9D92C598-56C6-4B2D-9F51-1F4BF66451E7} = {6AE8049D-E7A0-4DA3-8FFB-2666A058BB8C}
		{4E64C177-D423-4BB1-ACE2-617D4E62386F} = {6AE8049D-E7A0-4DA3-8FFB-2666A058BB8C}
		{7416D478-62CF-4428-9798-855B63816E8B} = {6AE8049D-E7A0-4DA3-8FFB-2666A058BB8C}
		{A591974C-47DB-476E-B610-F4668FD03959} = {7EAB2996-FC67-4CB9-85DB-067F22D4F2BF}
		{F27A342A-EC55-4DC3-81ED-49A318AA28AA} = {7EAB2996-FC67-4CB9-85DB-067F22D4F2BF}
		{30A97283-F23F-4CD7-8B77-5A07B9F30930} = {7EAB2996-FC67-4CB9-85DB-067F22D4F2BF}
		{33422F11-0EB4-4EB7-96DA-6DC58629DE21} = {B753F2C2-8FE6-41A3-BABA-ED0457ABF2EF}
		{E3543F05-980C-47B0-B6AF-C19DDD1BF86D} = {B753F2C2-8FE6-41A3-BABA-ED0457ABF2EF}
		{51D40D5E-CD27-42C7-9C04-D5C0A6724B8D} = {B753F2C2-8FE6-41A3-BABA-ED0457ABF2EF}
		{980FA0F8-BA61-4B76-907B-706FECB0A989} = {A87237EF-F8CF-4EF4-B0DF-98E09F2B0758}
		{D3734B9C-36FE-4281-B5BE-2E26FF836FED} = {A87237EF-F8CF-4EF4-B0DF-98E09F2B0758}
		{80B1C355-C656-4ED0-B1DB-25329B532927} = {A87237EF-F8CF-4EF4-B0DF-98E09F2B0758}
	EndGlobalSection
	GlobalSection(ExtensibilityGlobals) = postSolution
		SolutionGuid = {4864565F-C629-4233-958A-AB81F76CE13C}
	EndGlobalSection
EndGlobal
